
Microsoft Visual Studio Solution File, Format Version 12.00
# Visual Studio Version 17
VisualStudioVersion = 17.10.34916.146
MinimumVisualStudioVersion = 10.0.40219.1
Project("{9A19103F-16F7-4668-BE54-9A1E7A4F7556}") = "Homework_2_1", "Homework_2\Homework_2_1.csproj", "{E1B4973E-71B7-4A4E-8A93-F6F8B4427018}"
EndProject
Global
	GlobalSection(SolutionConfigurationPlatforms) = preSolution
		Debug|Any CPU = Debug|Any CPU
		Release|Any CPU = Release|Any CPU
	EndGlobalSection
	GlobalSection(ProjectConfigurationPlatforms) = postSolution
		{E1B4973E-71B7-4A4E-8A93-F6F8B4427018}.Debug|Any CPU.ActiveCfg = Debug|Any CPU
		{E1B4973E-71B7-4A4E-8A93-F6F8B4427018}.Debug|Any CPU.Build.0 = Debug|Any CPU
		{E1B4973E-71B7-4A4E-8A93-F6F8B4427018}.Release|Any CPU.ActiveCfg = Release|Any CPU
		{E1B4973E-71B7-4A4E-8A93-F6F8B4427018}.Release|Any CPU.Build.0 = Release|Any CPU
	EndGlobalSection
	GlobalSection(SolutionProperties) = preSolution
		HideSolutionNode = FALSE
	EndGlobalSection
	GlobalSection(ExtensibilityGlobals) = postSolution
		SolutionGuid = {92BF1B59-420C-4C2C-B300-070D5BB9DD01}
	EndGlobalSection
EndGlobal
